// !$*UTF8*$!
{
	archiveVersion = 1;
	classes = {
	};
	objectVersion = 77;
	objects = {

/* Begin PBXBuildFile section */
		AA1B2C3D4E5F60718293A4B5 /* EXIFReader.swift in Sources */ = {isa = PBXBuildFile; fileRef = BB2C3D4E5F60718293A4B5C6 /* EXIFReader.swift */; };
		CC3D4E5F60718293A4B5C6D7 /* ExifPanelView.swift in Sources */ = {isa = PBXBuildFile; fileRef = DD4E5F60718293A4B5C6D7E8 /* ExifPanelView.swift */; };
		AB1234567890ABCDEF123456 /* KeywordWriter.swift in Sources */ = {isa = PBXBuildFile; fileRef = CD2345678901BCDEF0123456 /* KeywordWriter.swift */; };
		FE3456789012CDEF01234567 /* KeyboardMonitor.swift in Sources */ = {isa = PBXBuildFile; fileRef = GF4567890123DEF012345678 /* KeyboardMonitor.swift */; };
		JK7890123456AB01234567CD /* ImageLoader.swift in Sources */ = {isa = PBXBuildFile; fileRef = LM8901234567BC12345678DE /* ImageLoader.swift */; };
		013134A36705408051D6EB93 /* GeneralTab.swift in Sources */ = {isa = PBXBuildFile; fileRef = E283097C3245E4C2533065B6 /* GeneralTab.swift */; };
		03847CC9F325793585FF6A08 /* ProcessManager.swift in Sources */ = {isa = PBXBuildFile; fileRef = 5EF40EDEEEB854B306374ECC /* ProcessManager.swift */; };
		04AFCB4EB5F25BCE9F245A56 /* SuperPickyApp.swift in Sources */ = {isa = PBXBuildFile; fileRef = C8F78B4A7BDCFE1CE3947F19 /* SuperPickyApp.swift */; };
		04EF6C1DD4443AF13BA6722D /* Photo.swift in Sources */ = {isa = PBXBuildFile; fileRef = 5EAEF125F85AE85042A82314 /* Photo.swift */; };
		0A6A3CA41751F6A2A9EDA02F /* ProcessingFlowUITests.swift in Sources */ = {isa = PBXBuildFile; fileRef = A116EA5C6473F4DDDF1E4CFB /* ProcessingFlowUITests.swift */; };
		14D64058AF640DC28F388886 /* ProcessingTab.swift in Sources */ = {isa = PBXBuildFile; fileRef = 351D64B5E33C776F9D218CA6 /* ProcessingTab.swift */; };
		22B8D6F1C555998C06BDD1F3 /* AdvancedTab.swift in Sources */ = {isa = PBXBuildFile; fileRef = 0C60DBF0C5CDD2912B0F3E06 /* AdvancedTab.swift */; };
		23B283FEAAAFA6DF2A6EB966 /* CullingConfig.swift in Sources */ = {isa = PBXBuildFile; fileRef = FB57DBDFB0D5675A8F620572 /* CullingConfig.swift */; };
		2537E1B585BD0EFF83728969 /* DirectoryScanner.swift in Sources */ = {isa = PBXBuildFile; fileRef = 950F762228EBD7BA89B8B2C0 /* DirectoryScanner.swift */; };
		25E22E7829DC2B6ABA77729C /* CullingTab.swift in Sources */ = {isa = PBXBuildFile; fileRef = FCE975693ABAA78E1853356C /* CullingTab.swift */; };
		2CF05E13A2B84DFB79CE7DD0 /* DetectionResult.swift in Sources */ = {isa = PBXBuildFile; fileRef = BF0F99AF6C3E80F1945915C6 /* DetectionResult.swift */; };
		HI5678901234EF0123456789 /* KeyboardShortcutTests.swift in Sources */ = {isa = PBXBuildFile; fileRef = IJ6789012345F01234567890 /* KeyboardShortcutTests.swift */; };
		3889D1E2499F4D32B9C4F63A /* MockUITests.swift in Sources */ = {isa = PBXBuildFile; fileRef = 7FC42B7AF80A2E12BBE315A0 /* MockUITests.swift */; };
		DE1234ABCDEF5678901234AB /* ScreenshotAuditTests.swift in Sources */ = {isa = PBXBuildFile; fileRef = EF2345BCDEF6789012345BCD /* ScreenshotAuditTests.swift */; };
		3B30B50F73D434EB0A32456A /* ReportDatabase.swift in Sources */ = {isa = PBXBuildFile; fileRef = E726094A2C453F4B243141FD /* ReportDatabase.swift */; };
		3CF0A61756D0E53E2AB156EB /* BirdIDTab.swift in Sources */ = {isa = PBXBuildFile; fileRef = 9F8BAFBDC2ECC98859327100 /* BirdIDTab.swift */; };
		51CF230EF9AB98F2CBCE07C7 /* ExposureDetector.swift in Sources */ = {isa = PBXBuildFile; fileRef = 51D9ED12BDAF2634C06DA741 /* ExposureDetector.swift */; };
		544D0CBD6A8C7E9409283DB2 /* GRDB in Frameworks */ = {isa = PBXBuildFile; productRef = 62ECFA7A1CE3D41AAF0C1F85 /* GRDB */; };
		628781342964039FC54E5D63 /* ThumbnailStripView.swift in Sources */ = {isa = PBXBuildFile; fileRef = EFB7F185F169F5E033B697F1 /* ThumbnailStripView.swift */; };
		695F2025AFDDC5D1103DCC06 /* BurstDetector.swift in Sources */ = {isa = PBXBuildFile; fileRef = 17855935BCC43C84A3B8B1B6 /* BurstDetector.swift */; };
		72593C01A639B74395F129D0 /* SettingsView.swift in Sources */ = {isa = PBXBuildFile; fileRef = 2035E1F0D51979F7D9BD4857 /* SettingsView.swift */; };
		743E98D2D106B2DC4CD9A375 /* Logger.swift in Sources */ = {isa = PBXBuildFile; fileRef = D16D64E760C59FE88930FB6D /* Logger.swift */; };
		89C5F718D714A0B2823140A1 /* ProcessingSheet.swift in Sources */ = {isa = PBXBuildFile; fileRef = 9EE3D418E8A088CA34CDEE29 /* ProcessingSheet.swift */; };
		93DFF6C1F94162A500AB340A /* PreviewView.swift in Sources */ = {isa = PBXBuildFile; fileRef = D354E8BFE2BB6211ADAA855F /* PreviewView.swift */; };
		A757D28A8C7C16F77F9BF61D /* SpeciesMatch.swift in Sources */ = {isa = PBXBuildFile; fileRef = 4DB5E6511A425B77A9DE0E1A /* SpeciesMatch.swift */; };
		B81DEDB967D4E2E4525BCB91 /* FullscreenViewer.swift in Sources */ = {isa = PBXBuildFile; fileRef = CD58D52864274CD6EF36539F /* FullscreenViewer.swift */; };
		BFD6DCFD7A7D8700EB577954 /* AppDelegate.swift in Sources */ = {isa = PBXBuildFile; fileRef = 4EAD42F7354C92EFBAC2DD94 /* AppDelegate.swift */; };
		D0CB8BD3324BE76EE0E716B4 /* PipelineCoordinator.swift in Sources */ = {isa = PBXBuildFile; fileRef = 93BD233E1B5ECE7A7C1FDAB1 /* PipelineCoordinator.swift */; };
		D26E06E986C669DB868B7F06 /* StarRatingView.swift in Sources */ = {isa = PBXBuildFile; fileRef = 2E6F8B5A1F51928F3F226F23 /* StarRatingView.swift */; };
		D846F6D40E95F052E6E6CCD5 /* RAWConverter.swift in Sources */ = {isa = PBXBuildFile; fileRef = 197514D16AE317EA0B6F2795 /* RAWConverter.swift */; };
		E0EE37CCF733B5B791B59CC5 /* SourceListView.swift in Sources */ = {isa = PBXBuildFile; fileRef = 6C1BBBB42C2CD216C1D02DAF /* SourceListView.swift */; };
		E677528D1FD37ED911F5B009 /* HTTPInferenceClient.swift in Sources */ = {isa = PBXBuildFile; fileRef = 56C15A4232D9374F66F0B0DF /* HTTPInferenceClient.swift */; };
		EB526AFC3879286A8B692A21 /* MainView.swift in Sources */ = {isa = PBXBuildFile; fileRef = 978BD285BA4245F2711720E0 /* MainView.swift */; };
		EEE71D9CDEA197DC1AB1542F /* InferenceClient.swift in Sources */ = {isa = PBXBuildFile; fileRef = 383C2AE26F03BE2BA8C8AF84 /* InferenceClient.swift */; };
		F0E93BA6594B7964B23E6005 /* RatingEngine.swift in Sources */ = {isa = PBXBuildFile; fileRef = 0252F59F2B2852A81A8FB56F /* RatingEngine.swift */; };
		A1B2C3D4E5F607182930001A /* ZoomableImageView.swift in Sources */ = {isa = PBXBuildFile; fileRef = A1B2C3D4E5F607182930001B /* ZoomableImageView.swift */; };
		A1B2C3D4E5F607182930002A /* XMPWriter.swift in Sources */ = {isa = PBXBuildFile; fileRef = A1B2C3D4E5F607182930002B /* XMPWriter.swift */; };
		A1B2C3D4E5F607182930003A /* ExportService.swift in Sources */ = {isa = PBXBuildFile; fileRef = A1B2C3D4E5F607182930003B /* ExportService.swift */; };
		A1B2C3D4E5F607182930004A /* CullingEnhancementUITests.swift in Sources */ = {isa = PBXBuildFile; fileRef = A1B2C3D4E5F607182930004B /* CullingEnhancementUITests.swift */; };
		A1B2C3D4E5F607182930006A /* KeyboardShortcutUITests.swift in Sources */ = {isa = PBXBuildFile; fileRef = A1B2C3D4E5F607182930006B /* KeyboardShortcutUITests.swift */; };
/* End PBXBuildFile section */

/* Begin PBXContainerItemProxy section */
		4CC6E7DF787F55C8610D04BE /* PBXContainerItemProxy */ = {
			isa = PBXContainerItemProxy;
			containerPortal = 64B23F78DE7ADD0BB17AA4F8 /* Project object */;
			proxyType = 1;
			remoteGlobalIDString = 1993305FA06737AAC95C2C3A;
			remoteInfo = SuperPicky;
		};
/* End PBXContainerItemProxy section */

/* Begin PBXFileReference section */
		0252F59F2B2852A81A8FB56F /* RatingEngine.swift */ = {isa = PBXFileReference; lastKnownFileType = sourcecode.swift; path = RatingEngine.swift; sourceTree = "<group>"; };
		0C60DBF0C5CDD2912B0F3E06 /* AdvancedTab.swift */ = {isa = PBXFileReference; lastKnownFileType = sourcecode.swift; path = AdvancedTab.swift; sourceTree = "<group>"; };
		0D2B2B609758193D81A70C8A /* SuperPickyUITests.xctest */ = {isa = PBXFileReference; explicitFileType = wrapper.cfbundle; includeInIndex = 0; path = SuperPickyUITests.xctest; sourceTree = BUILT_PRODUCTS_DIR; };
		17855935BCC43C84A3B8B1B6 /* BurstDetector.swift */ = {isa = PBXFileReference; lastKnownFileType = sourcecode.swift; path = BurstDetector.swift; sourceTree = "<group>"; };
		197514D16AE317EA0B6F2795 /* RAWConverter.swift */ = {isa = PBXFileReference; lastKnownFileType = sourcecode.swift; path = RAWConverter.swift; sourceTree = "<group>"; };
		2035E1F0D51979F7D9BD4857 /* SettingsView.swift */ = {isa = PBXFileReference; lastKnownFileType = sourcecode.swift; path = SettingsView.swift; sourceTree = "<group>"; };
		2E6F8B5A1F51928F3F226F23 /* StarRatingView.swift */ = {isa = PBXFileReference; lastKnownFileType = sourcecode.swift; path = StarRatingView.swift; sourceTree = "<group>"; };
		351D64B5E33C776F9D218CA6 /* ProcessingTab.swift */ = {isa = PBXFileReference; lastKnownFileType = sourcecode.swift; path = ProcessingTab.swift; sourceTree = "<group>"; };
		383C2AE26F03BE2BA8C8AF84 /* InferenceClient.swift */ = {isa = PBXFileReference; lastKnownFileType = sourcecode.swift; path = InferenceClient.swift; sourceTree = "<group>"; };
		4DB5E6511A425B77A9DE0E1A /* SpeciesMatch.swift */ = {isa = PBXFileReference; lastKnownFileType = sourcecode.swift; path = SpeciesMatch.swift; sourceTree = "<group>"; };
		4EAD42F7354C92EFBAC2DD94 /* AppDelegate.swift */ = {isa = PBXFileReference; lastKnownFileType = sourcecode.swift; path = AppDelegate.swift; sourceTree = "<group>"; };
		BB2C3D4E5F60718293A4B5C6 /* EXIFReader.swift */ = {isa = PBXFileReference; lastKnownFileType = sourcecode.swift; path = EXIFReader.swift; sourceTree = "<group>"; };
		CD2345678901BCDEF0123456 /* KeywordWriter.swift */ = {isa = PBXFileReference; lastKnownFileType = sourcecode.swift; path = KeywordWriter.swift; sourceTree = "<group>"; };
		GF4567890123DEF012345678 /* KeyboardMonitor.swift */ = {isa = PBXFileReference; lastKnownFileType = sourcecode.swift; path = KeyboardMonitor.swift; sourceTree = "<group>"; };
		LM8901234567BC12345678DE /* ImageLoader.swift */ = {isa = PBXFileReference; lastKnownFileType = sourcecode.swift; path = ImageLoader.swift; sourceTree = "<group>"; };
		DD4E5F60718293A4B5C6D7E8 /* ExifPanelView.swift */ = {isa = PBXFileReference; lastKnownFileType = sourcecode.swift; path = ExifPanelView.swift; sourceTree = "<group>"; };
		51D9ED12BDAF2634C06DA741 /* ExposureDetector.swift */ = {isa = PBXFileReference; lastKnownFileType = sourcecode.swift; path = ExposureDetector.swift; sourceTree = "<group>"; };
		56C15A4232D9374F66F0B0DF /* HTTPInferenceClient.swift */ = {isa = PBXFileReference; lastKnownFileType = sourcecode.swift; path = HTTPInferenceClient.swift; sourceTree = "<group>"; };
		5EAEF125F85AE85042A82314 /* Photo.swift */ = {isa = PBXFileReference; lastKnownFileType = sourcecode.swift; path = Photo.swift; sourceTree = "<group>"; };
		5EF40EDEEEB854B306374ECC /* ProcessManager.swift */ = {isa = PBXFileReference; lastKnownFileType = sourcecode.swift; path = ProcessManager.swift; sourceTree = "<group>"; };
		6C1BBBB42C2CD216C1D02DAF /* SourceListView.swift */ = {isa = PBXFileReference; lastKnownFileType = sourcecode.swift; path = SourceListView.swift; sourceTree = "<group>"; };
		IJ6789012345F01234567890 /* KeyboardShortcutTests.swift */ = {isa = PBXFileReference; lastKnownFileType = sourcecode.swift; path = KeyboardShortcutTests.swift; sourceTree = "<group>"; };
		7FC42B7AF80A2E12BBE315A0 /* MockUITests.swift */ = {isa = PBXFileReference; lastKnownFileType = sourcecode.swift; path = MockUITests.swift; sourceTree = "<group>"; };
		EF2345BCDEF6789012345BCD /* ScreenshotAuditTests.swift */ = {isa = PBXFileReference; lastKnownFileType = sourcecode.swift; path = ScreenshotAuditTests.swift; sourceTree = "<group>"; };
		93BD233E1B5ECE7A7C1FDAB1 /* PipelineCoordinator.swift */ = {isa = PBXFileReference; lastKnownFileType = sourcecode.swift; path = PipelineCoordinator.swift; sourceTree = "<group>"; };
		950F762228EBD7BA89B8B2C0 /* DirectoryScanner.swift */ = {isa = PBXFileReference; lastKnownFileType = sourcecode.swift; path = DirectoryScanner.swift; sourceTree = "<group>"; };
		978BD285BA4245F2711720E0 /* MainView.swift */ = {isa = PBXFileReference; lastKnownFileType = sourcecode.swift; path = MainView.swift; sourceTree = "<group>"; };
		9EE3D418E8A088CA34CDEE29 /* ProcessingSheet.swift */ = {isa = PBXFileReference; lastKnownFileType = sourcecode.swift; path = ProcessingSheet.swift; sourceTree = "<group>"; };
		9F8BAFBDC2ECC98859327100 /* BirdIDTab.swift */ = {isa = PBXFileReference; lastKnownFileType = sourcecode.swift; path = BirdIDTab.swift; sourceTree = "<group>"; };
		A116EA5C6473F4DDDF1E4CFB /* ProcessingFlowUITests.swift */ = {isa = PBXFileReference; lastKnownFileType = sourcecode.swift; path = ProcessingFlowUITests.swift; sourceTree = "<group>"; };
		BF0F99AF6C3E80F1945915C6 /* DetectionResult.swift */ = {isa = PBXFileReference; lastKnownFileType = sourcecode.swift; path = DetectionResult.swift; sourceTree = "<group>"; };
		C8F78B4A7BDCFE1CE3947F19 /* SuperPickyApp.swift */ = {isa = PBXFileReference; lastKnownFileType = sourcecode.swift; path = SuperPickyApp.swift; sourceTree = "<group>"; };
		CD58D52864274CD6EF36539F /* FullscreenViewer.swift */ = {isa = PBXFileReference; lastKnownFileType = sourcecode.swift; path = FullscreenViewer.swift; sourceTree = "<group>"; };
		D16D64E760C59FE88930FB6D /* Logger.swift */ = {isa = PBXFileReference; lastKnownFileType = sourcecode.swift; path = Logger.swift; sourceTree = "<group>"; };
		D354E8BFE2BB6211ADAA855F /* PreviewView.swift */ = {isa = PBXFileReference; lastKnownFileType = sourcecode.swift; path = PreviewView.swift; sourceTree = "<group>"; };
		DE0705F7EBD203EAB6E4E775 /* SuperPicky.app */ = {isa = PBXFileReference; explicitFileType = wrapper.application; includeInIndex = 0; path = SuperPicky.app; sourceTree = BUILT_PRODUCTS_DIR; };
		E283097C3245E4C2533065B6 /* GeneralTab.swift */ = {isa = PBXFileReference; lastKnownFileType = sourcecode.swift; path = GeneralTab.swift; sourceTree = "<group>"; };
		E726094A2C453F4B243141FD /* ReportDatabase.swift */ = {isa = PBXFileReference; lastKnownFileType = sourcecode.swift; path = ReportDatabase.swift; sourceTree = "<group>"; };
		EFB7F185F169F5E033B697F1 /* ThumbnailStripView.swift */ = {isa = PBXFileReference; lastKnownFileType = sourcecode.swift; path = ThumbnailStripView.swift; sourceTree = "<group>"; };
		FB57DBDFB0D5675A8F620572 /* CullingConfig.swift */ = {isa = PBXFileReference; lastKnownFileType = sourcecode.swift; path = CullingConfig.swift; sourceTree = "<group>"; };
		FCE975693ABAA78E1853356C /* CullingTab.swift */ = {isa = PBXFileReference; lastKnownFileType = sourcecode.swift; path = CullingTab.swift; sourceTree = "<group>"; };
		A1B2C3D4E5F607182930001B /* ZoomableImageView.swift */ = {isa = PBXFileReference; lastKnownFileType = sourcecode.swift; path = ZoomableImageView.swift; sourceTree = "<group>"; };
		A1B2C3D4E5F607182930002B /* XMPWriter.swift */ = {isa = PBXFileReference; lastKnownFileType = sourcecode.swift; path = XMPWriter.swift; sourceTree = "<group>"; };
		A1B2C3D4E5F607182930003B /* ExportService.swift */ = {isa = PBXFileReference; lastKnownFileType = sourcecode.swift; path = ExportService.swift; sourceTree = "<group>"; };
		A1B2C3D4E5F607182930004B /* CullingEnhancementUITests.swift */ = {isa = PBXFileReference; lastKnownFileType = sourcecode.swift; path = CullingEnhancementUITests.swift; sourceTree = "<group>"; };
		A1B2C3D4E5F607182930006B /* KeyboardShortcutUITests.swift */ = {isa = PBXFileReference; lastKnownFileType = sourcecode.swift; path = KeyboardShortcutUITests.swift; sourceTree = "<group>"; };
/* End PBXFileReference section */

/* Begin PBXFrameworksBuildPhase section */
		718E99713B94EC78F7AA872D /* Frameworks */ = {
			isa = PBXFrameworksBuildPhase;
			buildActionMask = 2147483647;
			files = (
				544D0CBD6A8C7E9409283DB2 /* GRDB in Frameworks */,
			);
			runOnlyForDeploymentPostprocessing = 0;
		};
/* End PBXFrameworksBuildPhase section */

/* Begin PBXGroup section */
		4FB695B3C833E25955BBBA7F /* SuperPickyApp */ = {
			isa = PBXGroup;
			children = (
				0C60DBF0C5CDD2912B0F3E06 /* AdvancedTab.swift */,
				4EAD42F7354C92EFBAC2DD94 /* AppDelegate.swift */,
				9F8BAFBDC2ECC98859327100 /* BirdIDTab.swift */,
				17855935BCC43C84A3B8B1B6 /* BurstDetector.swift */,
				FB57DBDFB0D5675A8F620572 /* CullingConfig.swift */,
				FCE975693ABAA78E1853356C /* CullingTab.swift */,
				BF0F99AF6C3E80F1945915C6 /* DetectionResult.swift */,
				950F762228EBD7BA89B8B2C0 /* DirectoryScanner.swift */,
				BB2C3D4E5F60718293A4B5C6 /* EXIFReader.swift */,
				DD4E5F60718293A4B5C6D7E8 /* ExifPanelView.swift */,
				A1B2C3D4E5F607182930003B /* ExportService.swift */,
				51D9ED12BDAF2634C06DA741 /* ExposureDetector.swift */,
				CD58D52864274CD6EF36539F /* FullscreenViewer.swift */,
				E283097C3245E4C2533065B6 /* GeneralTab.swift */,
				56C15A4232D9374F66F0B0DF /* HTTPInferenceClient.swift */,
				LM8901234567BC12345678DE /* ImageLoader.swift */,
				383C2AE26F03BE2BA8C8AF84 /* InferenceClient.swift */,
				GF4567890123DEF012345678 /* KeyboardMonitor.swift */,
				CD2345678901BCDEF0123456 /* KeywordWriter.swift */,
				D16D64E760C59FE88930FB6D /* Logger.swift */,
				978BD285BA4245F2711720E0 /* MainView.swift */,
				5EAEF125F85AE85042A82314 /* Photo.swift */,
				93BD233E1B5ECE7A7C1FDAB1 /* PipelineCoordinator.swift */,
				D354E8BFE2BB6211ADAA855F /* PreviewView.swift */,
				9EE3D418E8A088CA34CDEE29 /* ProcessingSheet.swift */,
				351D64B5E33C776F9D218CA6 /* ProcessingTab.swift */,
				5EF40EDEEEB854B306374ECC /* ProcessManager.swift */,
				0252F59F2B2852A81A8FB56F /* RatingEngine.swift */,
				197514D16AE317EA0B6F2795 /* RAWConverter.swift */,
				E726094A2C453F4B243141FD /* ReportDatabase.swift */,
				2035E1F0D51979F7D9BD4857 /* SettingsView.swift */,
				6C1BBBB42C2CD216C1D02DAF /* SourceListView.swift */,
				4DB5E6511A425B77A9DE0E1A /* SpeciesMatch.swift */,
				2E6F8B5A1F51928F3F226F23 /* StarRatingView.swift */,
				C8F78B4A7BDCFE1CE3947F19 /* SuperPickyApp.swift */,
				EFB7F185F169F5E033B697F1 /* ThumbnailStripView.swift */,
				A1B2C3D4E5F607182930002B /* XMPWriter.swift */,
				A1B2C3D4E5F607182930001B /* ZoomableImageView.swift */,
			);
			path = SuperPickyApp;
			sourceTree = "<group>";
		};
		6C47D4F4D90A7011E4C70C90 = {
			isa = PBXGroup;
			children = (
				4FB695B3C833E25955BBBA7F /* SuperPickyApp */,
				F4BF3F945E2DB827478F7D52 /* SuperPickyUITests */,
				CC1BE826E1394B2331C7FAEC /* Products */,
			);
			sourceTree = "<group>";
		};
		CC1BE826E1394B2331C7FAEC /* Products */ = {
			isa = PBXGroup;
			children = (
				DE0705F7EBD203EAB6E4E775 /* SuperPicky.app */,
				0D2B2B609758193D81A70C8A /* SuperPickyUITests.xctest */,
			);
			name = Products;
			sourceTree = "<group>";
		};
		F4BF3F945E2DB827478F7D52 /* SuperPickyUITests */ = {
			isa = PBXGroup;
			children = (
				A1B2C3D4E5F607182930004B /* CullingEnhancementUITests.swift */,
				A1B2C3D4E5F607182930006B /* KeyboardShortcutUITests.swift */,
				IJ6789012345F01234567890 /* KeyboardShortcutTests.swift */,
				7FC42B7AF80A2E12BBE315A0 /* MockUITests.swift */,
				A116EA5C6473F4DDDF1E4CFB /* ProcessingFlowUITests.swift */,
				EF2345BCDEF6789012345BCD /* ScreenshotAuditTests.swift */,
			);
			path = SuperPickyUITests;
			sourceTree = "<group>";
		};
/* End PBXGroup section */

/* Begin PBXNativeTarget section */
		1993305FA06737AAC95C2C3A /* SuperPicky */ = {
			isa = PBXNativeTarget;
			buildConfigurationList = 780271FECC6A2B167F070075 /* Build configuration list for PBXNativeTarget "SuperPicky" */;
			buildPhases = (
				7F9969121064321562687ED1 /* Sources */,
				718E99713B94EC78F7AA872D /* Frameworks */,
			);
			buildRules = (
			);
			dependencies = (
			);
			name = SuperPicky;
			packageProductDependencies = (
				62ECFA7A1CE3D41AAF0C1F85 /* GRDB */,
			);
			productName = SuperPicky;
			productReference = DE0705F7EBD203EAB6E4E775 /* SuperPicky.app */;
			productType = "com.apple.product-type.application";
		};
		4106A94E20C8B4CFCAEB938C /* SuperPickyUITests */ = {
			isa = PBXNativeTarget;
			buildConfigurationList = 7F3798C2BD1B2870C36C077A /* Build configuration list for PBXNativeTarget "SuperPickyUITests" */;
			buildPhases = (
				2B7AAA51F3B199B5866BDF21 /* Sources */,
			);
			buildRules = (
			);
			dependencies = (
				CF7CA108963A3399EE385797 /* PBXTargetDependency */,
			);
			name = SuperPickyUITests;
			packageProductDependencies = (
			);
			productName = SuperPickyUITests;
			productReference = 0D2B2B609758193D81A70C8A /* SuperPickyUITests.xctest */;
			productType = "com.apple.product-type.bundle.ui-testing";
		};
/* End PBXNativeTarget section */

/* Begin PBXProject section */
		64B23F78DE7ADD0BB17AA4F8 /* Project object */ = {
			isa = PBXProject;
			attributes = {
				BuildIndependentTargetsInParallel = YES;
				LastUpgradeCheck = 1430;
				TargetAttributes = {
					4106A94E20C8B4CFCAEB938C = {
						TestTargetID = 1993305FA06737AAC95C2C3A;
					};
				};
			};
			buildConfigurationList = 77DF3A6536212516469D920E /* Build configuration list for PBXProject "SuperPicky" */;
			compatibilityVersion = "Xcode 14.0";
			developmentRegion = en;
			hasScannedForEncodings = 0;
			knownRegions = (
				Base,
				en,
			);
			mainGroup = 6C47D4F4D90A7011E4C70C90;
			minimizedProjectReferenceProxies = 1;
			packageReferences = (
				5A5F7A6D5FAD7147C33780C8 /* XCRemoteSwiftPackageReference "GRDB.swift" */,
			);
			preferredProjectObjectVersion = 77;
			projectDirPath = "";
			projectRoot = "";
			targets = (
				1993305FA06737AAC95C2C3A /* SuperPicky */,
				4106A94E20C8B4CFCAEB938C /* SuperPickyUITests */,
			);
		};
/* End PBXProject section */

/* Begin PBXSourcesBuildPhase section */
		2B7AAA51F3B199B5866BDF21 /* Sources */ = {
			isa = PBXSourcesBuildPhase;
			buildActionMask = 2147483647;
			files = (
				A1B2C3D4E5F607182930004A /* CullingEnhancementUITests.swift in Sources */,
				A1B2C3D4E5F607182930006A /* KeyboardShortcutUITests.swift in Sources */,
				HI5678901234EF0123456789 /* KeyboardShortcutTests.swift in Sources */,
				DE1234ABCDEF5678901234AB /* ScreenshotAuditTests.swift in Sources */,
				3889D1E2499F4D32B9C4F63A /* MockUITests.swift in Sources */,
				0A6A3CA41751F6A2A9EDA02F /* ProcessingFlowUITests.swift in Sources */,
			);
			runOnlyForDeploymentPostprocessing = 0;
		};
		7F9969121064321562687ED1 /* Sources */ = {
			isa = PBXSourcesBuildPhase;
			buildActionMask = 2147483647;
			files = (
				22B8D6F1C555998C06BDD1F3 /* AdvancedTab.swift in Sources */,
				BFD6DCFD7A7D8700EB577954 /* AppDelegate.swift in Sources */,
				3CF0A61756D0E53E2AB156EB /* BirdIDTab.swift in Sources */,
				695F2025AFDDC5D1103DCC06 /* BurstDetector.swift in Sources */,
				23B283FEAAAFA6DF2A6EB966 /* CullingConfig.swift in Sources */,
				25E22E7829DC2B6ABA77729C /* CullingTab.swift in Sources */,
				2CF05E13A2B84DFB79CE7DD0 /* DetectionResult.swift in Sources */,
				2537E1B585BD0EFF83728969 /* DirectoryScanner.swift in Sources */,
				AA1B2C3D4E5F60718293A4B5 /* EXIFReader.swift in Sources */,
				CC3D4E5F60718293A4B5C6D7 /* ExifPanelView.swift in Sources */,
				51CF230EF9AB98F2CBCE07C7 /* ExposureDetector.swift in Sources */,
				B81DEDB967D4E2E4525BCB91 /* FullscreenViewer.swift in Sources */,
				013134A36705408051D6EB93 /* GeneralTab.swift in Sources */,
				E677528D1FD37ED911F5B009 /* HTTPInferenceClient.swift in Sources */,
				EEE71D9CDEA197DC1AB1542F /* InferenceClient.swift in Sources */,
				JK7890123456AB01234567CD /* ImageLoader.swift in Sources */,
				FE3456789012CDEF01234567 /* KeyboardMonitor.swift in Sources */,
				AB1234567890ABCDEF123456 /* KeywordWriter.swift in Sources */,
				743E98D2D106B2DC4CD9A375 /* Logger.swift in Sources */,
				EB526AFC3879286A8B692A21 /* MainView.swift in Sources */,
				04EF6C1DD4443AF13BA6722D /* Photo.swift in Sources */,
				D0CB8BD3324BE76EE0E716B4 /* PipelineCoordinator.swift in Sources */,
				93DFF6C1F94162A500AB340A /* PreviewView.swift in Sources */,
				03847CC9F325793585FF6A08 /* ProcessManager.swift in Sources */,
				89C5F718D714A0B2823140A1 /* ProcessingSheet.swift in Sources */,
				14D64058AF640DC28F388886 /* ProcessingTab.swift in Sources */,
				D846F6D40E95F052E6E6CCD5 /* RAWConverter.swift in Sources */,
				F0E93BA6594B7964B23E6005 /* RatingEngine.swift in Sources */,
				3B30B50F73D434EB0A32456A /* ReportDatabase.swift in Sources */,
				72593C01A639B74395F129D0 /* SettingsView.swift in Sources */,
				E0EE37CCF733B5B791B59CC5 /* SourceListView.swift in Sources */,
				A757D28A8C7C16F77F9BF61D /* SpeciesMatch.swift in Sources */,
				D26E06E986C669DB868B7F06 /* StarRatingView.swift in Sources */,
				04AFCB4EB5F25BCE9F245A56 /* SuperPickyApp.swift in Sources */,
				628781342964039FC54E5D63 /* ThumbnailStripView.swift in Sources */,
				A1B2C3D4E5F607182930002A /* XMPWriter.swift in Sources */,
				A1B2C3D4E5F607182930001A /* ZoomableImageView.swift in Sources */,
				A1B2C3D4E5F607182930003A /* ExportService.swift in Sources */,
			);
			runOnlyForDeploymentPostprocessing = 0;
		};
/* End PBXSourcesBuildPhase section */

/* Begin PBXTargetDependency section */
		CF7CA108963A3399EE385797 /* PBXTargetDependency */ = {
			isa = PBXTargetDependency;
			target = 1993305FA06737AAC95C2C3A /* SuperPicky */;
			targetProxy = 4CC6E7DF787F55C8610D04BE /* PBXContainerItemProxy */;
		};
/* End PBXTargetDependency section */

/* Begin XCBuildConfiguration section */
		1E06759DE551E7BF41A79864 /* Release */ = {
			isa = XCBuildConfiguration;
			buildSettings = {
				ASSETCATALOG_COMPILER_APPICON_NAME = AppIcon;
				CODE_SIGNING_REQUIRED = NO;
				CODE_SIGN_IDENTITY = "-";
				COMBINE_HIDPI_IMAGES = YES;
				GENERATE_INFOPLIST_FILE = YES;
				LD_RUNPATH_SEARCH_PATHS = (
					"$(inherited)",
					"@executable_path/../Frameworks",
				);
				PRODUCT_BUNDLE_IDENTIFIER = com.superpicky.SuperPicky;
				SDKROOT = macosx;
				SWIFT_VERSION = 5.10;
			};
			name = Release;
		};
		722CC39AAA8477C1A21CDA27 /* Debug */ = {
			isa = XCBuildConfiguration;
			buildSettings = {
				BUNDLE_LOADER = "$(TEST_HOST)";
				CODE_SIGNING_REQUIRED = NO;
				CODE_SIGN_IDENTITY = "-";
				COMBINE_HIDPI_IMAGES = YES;
				GENERATE_INFOPLIST_FILE = YES;
				LD_RUNPATH_SEARCH_PATHS = (
					"$(inherited)",
					"@executable_path/Frameworks",
					"@loader_path/Frameworks",
				);
				PRODUCT_BUNDLE_IDENTIFIER = com.superpicky.SuperPickyUITests;
				SDKROOT = macosx;
				SWIFT_VERSION = 5.10;
				TEST_TARGET_NAME = SuperPicky;
			};
			name = Debug;
		};
		9E77046FA3C32F4DAC8CCD54 /* Debug */ = {
			isa = XCBuildConfiguration;
			buildSettings = {
				ASSETCATALOG_COMPILER_APPICON_NAME = AppIcon;
				CODE_SIGNING_REQUIRED = NO;
				CODE_SIGN_IDENTITY = "-";
				COMBINE_HIDPI_IMAGES = YES;
				GENERATE_INFOPLIST_FILE = YES;
				LD_RUNPATH_SEARCH_PATHS = (
					"$(inherited)",
					"@executable_path/../Frameworks",
				);
				PRODUCT_BUNDLE_IDENTIFIER = com.superpicky.SuperPicky;
				SDKROOT = macosx;
				SWIFT_VERSION = 5.10;
			};
			name = Debug;
		};
		CD8C020CED8D500D4094B801 /* Debug */ = {
			isa = XCBuildConfiguration;
			buildSettings = {
				ALWAYS_SEARCH_USER_PATHS = NO;
				CLANG_ANALYZER_NONNULL = YES;
				CLANG_ANALYZER_NUMBER_OBJECT_CONVERSION = YES_AGGRESSIVE;
				CLANG_CXX_LANGUAGE_STANDARD = "gnu++14";
				CLANG_CXX_LIBRARY = "libc++";
				CLANG_ENABLE_MODULES = YES;
				CLANG_ENABLE_OBJC_ARC = YES;
				CLANG_ENABLE_OBJC_WEAK = YES;
				CLANG_WARN_BLOCK_CAPTURE_AUTORELEASING = YES;
				CLANG_WARN_BOOL_CONVERSION = YES;
				CLANG_WARN_COMMA = YES;
				CLANG_WARN_CONSTANT_CONVERSION = YES;
				CLANG_WARN_DEPRECATED_OBJC_IMPLEMENTATIONS = YES;
				CLANG_WARN_DIRECT_OBJC_ISA_USAGE = YES_ERROR;
				CLANG_WARN_DOCUMENTATION_COMMENTS = YES;
				CLANG_WARN_EMPTY_BODY = YES;
				CLANG_WARN_ENUM_CONVERSION = YES;
				CLANG_WARN_INFINITE_RECURSION = YES;
				CLANG_WARN_INT_CONVERSION = YES;
				CLANG_WARN_NON_LITERAL_NULL_CONVERSION = YES;
				CLANG_WARN_OBJC_IMPLICIT_RETAIN_SELF = YES;
				CLANG_WARN_OBJC_LITERAL_CONVERSION = YES;
				CLANG_WARN_OBJC_ROOT_CLASS = YES_ERROR;
				CLANG_WARN_QUOTED_INCLUDE_IN_FRAMEWORK_HEADER = YES;
				CLANG_WARN_RANGE_LOOP_ANALYSIS = YES;
				CLANG_WARN_STRICT_PROTOTYPES = YES;
				CLANG_WARN_SUSPICIOUS_MOVE = YES;
				CLANG_WARN_UNGUARDED_AVAILABILITY = YES_AGGRESSIVE;
				CLANG_WARN_UNREACHABLE_CODE = YES;
				CLANG_WARN__DUPLICATE_METHOD_MATCH = YES;
				COPY_PHASE_STRIP = NO;
				DEBUG_INFORMATION_FORMAT = dwarf;
				ENABLE_STRICT_OBJC_MSGSEND = YES;
				ENABLE_TESTABILITY = YES;
				GCC_C_LANGUAGE_STANDARD = gnu11;
				GCC_DYNAMIC_NO_PIC = NO;
				GCC_NO_COMMON_BLOCKS = YES;
				GCC_OPTIMIZATION_LEVEL = 0;
				GCC_PREPROCESSOR_DEFINITIONS = (
					"$(inherited)",
					"DEBUG=1",
				);
				GCC_WARN_64_TO_32_BIT_CONVERSION = YES;
				GCC_WARN_ABOUT_RETURN_TYPE = YES_ERROR;
				GCC_WARN_UNDECLARED_SELECTOR = YES;
				GCC_WARN_UNINITIALIZED_AUTOS = YES_AGGRESSIVE;
				GCC_WARN_UNUSED_FUNCTION = YES;
				GCC_WARN_UNUSED_VARIABLE = YES;
				MACOSX_DEPLOYMENT_TARGET = 14.0;
				MTL_ENABLE_DEBUG_INFO = INCLUDE_SOURCE;
				MTL_FAST_MATH = YES;
				ONLY_ACTIVE_ARCH = YES;
				PRODUCT_NAME = "$(TARGET_NAME)";
				SDKROOT = macosx;
				SWIFT_ACTIVE_COMPILATION_CONDITIONS = DEBUG;
				SWIFT_OPTIMIZATION_LEVEL = "-Onone";
				SWIFT_VERSION = 5.0;
			};
			name = Debug;
		};
		E964E4790872FC67257DC31A /* Release */ = {
			isa = XCBuildConfiguration;
			buildSettings = {
				ALWAYS_SEARCH_USER_PATHS = NO;
				CLANG_ANALYZER_NONNULL = YES;
				CLANG_ANALYZER_NUMBER_OBJECT_CONVERSION = YES_AGGRESSIVE;
				CLANG_CXX_LANGUAGE_STANDARD = "gnu++14";
				CLANG_CXX_LIBRARY = "libc++";
				CLANG_ENABLE_MODULES = YES;
				CLANG_ENABLE_OBJC_ARC = YES;
				CLANG_ENABLE_OBJC_WEAK = YES;
				CLANG_WARN_BLOCK_CAPTURE_AUTORELEASING = YES;
				CLANG_WARN_BOOL_CONVERSION = YES;
				CLANG_WARN_COMMA = YES;
				CLANG_WARN_CONSTANT_CONVERSION = YES;
				CLANG_WARN_DEPRECATED_OBJC_IMPLEMENTATIONS = YES;
				CLANG_WARN_DIRECT_OBJC_ISA_USAGE = YES_ERROR;
				CLANG_WARN_DOCUMENTATION_COMMENTS = YES;
				CLANG_WARN_EMPTY_BODY = YES;
				CLANG_WARN_ENUM_CONVERSION = YES;
				CLANG_WARN_INFINITE_RECURSION = YES;
				CLANG_WARN_INT_CONVERSION = YES;
				CLANG_WARN_NON_LITERAL_NULL_CONVERSION = YES;
				CLANG_WARN_OBJC_IMPLICIT_RETAIN_SELF = YES;
				CLANG_WARN_OBJC_LITERAL_CONVERSION = YES;
				CLANG_WARN_OBJC_ROOT_CLASS = YES_ERROR;
				CLANG_WARN_QUOTED_INCLUDE_IN_FRAMEWORK_HEADER = YES;
				CLANG_WARN_RANGE_LOOP_ANALYSIS = YES;
				CLANG_WARN_STRICT_PROTOTYPES = YES;
				CLANG_WARN_SUSPICIOUS_MOVE = YES;
				CLANG_WARN_UNGUARDED_AVAILABILITY = YES_AGGRESSIVE;
				CLANG_WARN_UNREACHABLE_CODE = YES;
				CLANG_WARN__DUPLICATE_METHOD_MATCH = YES;
				COPY_PHASE_STRIP = NO;
				DEBUG_INFORMATION_FORMAT = "dwarf-with-dsym";
				ENABLE_NS_ASSERTIONS = NO;
				ENABLE_STRICT_OBJC_MSGSEND = YES;
				GCC_C_LANGUAGE_STANDARD = gnu11;
				GCC_NO_COMMON_BLOCKS = YES;
				GCC_WARN_64_TO_32_BIT_CONVERSION = YES;
				GCC_WARN_ABOUT_RETURN_TYPE = YES_ERROR;
				GCC_WARN_UNDECLARED_SELECTOR = YES;
				GCC_WARN_UNINITIALIZED_AUTOS = YES_AGGRESSIVE;
				GCC_WARN_UNUSED_FUNCTION = YES;
				GCC_WARN_UNUSED_VARIABLE = YES;
				MACOSX_DEPLOYMENT_TARGET = 14.0;
				MTL_ENABLE_DEBUG_INFO = NO;
				MTL_FAST_MATH = YES;
				PRODUCT_NAME = "$(TARGET_NAME)";
				SDKROOT = macosx;
				SWIFT_COMPILATION_MODE = wholemodule;
				SWIFT_OPTIMIZATION_LEVEL = "-O";
				SWIFT_VERSION = 5.0;
			};
			name = Release;
		};
		ED250622A613EF7544EC19BB /* Release */ = {
			isa = XCBuildConfiguration;
			buildSettings = {
				BUNDLE_LOADER = "$(TEST_HOST)";
				CODE_SIGNING_REQUIRED = NO;
				CODE_SIGN_IDENTITY = "-";
				COMBINE_HIDPI_IMAGES = YES;
				GENERATE_INFOPLIST_FILE = YES;
				LD_RUNPATH_SEARCH_PATHS = (
					"$(inherited)",
					"@executable_path/Frameworks",
					"@loader_path/Frameworks",
				);
				PRODUCT_BUNDLE_IDENTIFIER = com.superpicky.SuperPickyUITests;
				SDKROOT = macosx;
				SWIFT_VERSION = 5.10;
				TEST_TARGET_NAME = SuperPicky;
			};
			name = Release;
		};
/* End XCBuildConfiguration section */

/* Begin XCConfigurationList section */
		77DF3A6536212516469D920E /* Build configuration list for PBXProject "SuperPicky" */ = {
			isa = XCConfigurationList;
			buildConfigurations = (
				CD8C020CED8D500D4094B801 /* Debug */,
				E964E4790872FC67257DC31A /* Release */,
			);
			defaultConfigurationIsVisible = 0;
			defaultConfigurationName = Debug;
		};
		780271FECC6A2B167F070075 /* Build configuration list for PBXNativeTarget "SuperPicky" */ = {
			isa = XCConfigurationList;
			buildConfigurations = (
				9E77046FA3C32F4DAC8CCD54 /* Debug */,
				1E06759DE551E7BF41A79864 /* Release */,
			);
			defaultConfigurationIsVisible = 0;
			defaultConfigurationName = Debug;
		};
		7F3798C2BD1B2870C36C077A /* Build configuration list for PBXNativeTarget "SuperPickyUITests" */ = {
			isa = XCConfigurationList;
			buildConfigurations = (
				722CC39AAA8477C1A21CDA27 /* Debug */,
				ED250622A613EF7544EC19BB /* Release */,
			);
			defaultConfigurationIsVisible = 0;
			defaultConfigurationName = Debug;
		};
/* End XCConfigurationList section */

/* Begin XCRemoteSwiftPackageReference section */
		5A5F7A6D5FAD7147C33780C8 /* XCRemoteSwiftPackageReference "GRDB.swift" */ = {
			isa = XCRemoteSwiftPackageReference;
			repositoryURL = "https://github.com/groue/GRDB.swift.git";
			requirement = {
				kind = upToNextMajorVersion;
				minimumVersion = 7.0.0;
			};
		};
/* End XCRemoteSwiftPackageReference section */

/* Begin XCSwiftPackageProductDependency section */
		62ECFA7A1CE3D41AAF0C1F85 /* GRDB */ = {
			isa = XCSwiftPackageProductDependency;
			package = 5A5F7A6D5FAD7147C33780C8 /* XCRemoteSwiftPackageReference "GRDB.swift" */;
			productName = GRDB;
		};
/* End XCSwiftPackageProductDependency section */
	};
	rootObject = 64B23F78DE7ADD0BB17AA4F8 /* Project object */;
}
